
Microsoft Visual Studio Solution File, Format Version 12.00
# Visual Studio Version 16
VisualStudioVersion = 16.0.30717.126
MinimumVisualStudioVersion = 10.0.40219.1
Project("{FAE04EC0-301F-11D3-BF4B-00C04F79EFBC}") = "HotDigettyDogNew", "HotDigettyDogNew.csproj", "{1221425E-BD5A-41AF-B037-383E81FB26A4}"
EndProject
Global
	GlobalSection(SolutionConfigurationPlatforms) = preSolution
		Debug|Any CPU = Debug|Any CPU
		Release|Any CPU = Release|Any CPU
	EndGlobalSection
	GlobalSection(ProjectConfigurationPlatforms) = postSolution
		{1221425E-BD5A-41AF-B037-383E81FB26A4}.Debug|Any CPU.ActiveCfg = Debug|Any CPU
		{1221425E-BD5A-41AF-B037-383E81FB26A4}.Debug|Any CPU.Build.0 = Debug|Any CPU
		{1221425E-BD5A-41AF-B037-383E81FB26A4}.Release|Any CPU.ActiveCfg = Release|Any CPU
		{1221425E-BD5A-41AF-B037-383E81FB26A4}.Release|Any CPU.Build.0 = Release|Any CPU
	EndGlobalSection
	GlobalSection(SolutionProperties) = preSolution
		HideSolutionNode = FALSE
	EndGlobalSection
	GlobalSection(ExtensibilityGlobals) = postSolution
		SolutionGuid = {FDF1061B-F640-4B71-B419-6CA44AD06DE8}
	EndGlobalSection
EndGlobal
