
Microsoft Visual Studio Solution File, Format Version 12.00
# Visual Studio Version 16
VisualStudioVersion = 16.0.31004.235
MinimumVisualStudioVersion = 10.0.40219.1
Project("{2150E333-8FDC-42A3-9474-1A3956D46DE8}") = "Core", "Core", "{23B2BC4C-085F-417D-8B61-B2AA4949103F}"
EndProject
Project("{2150E333-8FDC-42A3-9474-1A3956D46DE8}") = "Infrastructure", "Infrastructure", "{74EBDE96-014F-40A0-A80C-67637469075B}"
EndProject
Project("{2150E333-8FDC-42A3-9474-1A3956D46DE8}") = "Presentation", "Presentation", "{781AF2DF-87B6-4D02-AB38-F957D9777E85}"
EndProject
Project("{9A19103F-16F7-4668-BE54-9A1E7A4F7556}") = "Domain", "Domain\Domain.csproj", "{D09EAB78-6E04-4988-ADCF-BEFFF72D0516}"
EndProject
Project("{9A19103F-16F7-4668-BE54-9A1E7A4F7556}") = "Application", "Application\Application.csproj", "{EBDCA504-D4EC-4059-B72A-C6FD352CB757}"
EndProject
Project("{9A19103F-16F7-4668-BE54-9A1E7A4F7556}") = "Persistence", "Persistence\Persistence.csproj", "{69A6C181-94EC-4256-83CC-B4AEEF56A6F6}"
EndProject
Project("{9A19103F-16F7-4668-BE54-9A1E7A4F7556}") = "WebAPI", "WebAPI\WebAPI.csproj", "{25270187-E60F-457A-8CA5-9AB21D6A6EF8}"
EndProject
Project("{2150E333-8FDC-42A3-9474-1A3956D46DE8}") = "Tests", "Tests", "{702064C0-634E-467E-BF3A-37FEEB3F0FA9}"
EndProject
Project("{FAE04EC0-301F-11D3-BF4B-00C04F79EFBC}") = "TestProject1", "TestProject1\TestProject1.csproj", "{5B2C5890-DEF2-4682-82B0-7AD8A987D845}"
EndProject
Global
	GlobalSection(SolutionConfigurationPlatforms) = preSolution
		Debug|Any CPU = Debug|Any CPU
		Release|Any CPU = Release|Any CPU
	EndGlobalSection
	GlobalSection(ProjectConfigurationPlatforms) = postSolution
		{D09EAB78-6E04-4988-ADCF-BEFFF72D0516}.Debug|Any CPU.ActiveCfg = Debug|Any CPU
		{D09EAB78-6E04-4988-ADCF-BEFFF72D0516}.Debug|Any CPU.Build.0 = Debug|Any CPU
		{D09EAB78-6E04-4988-ADCF-BEFFF72D0516}.Release|Any CPU.ActiveCfg = Release|Any CPU
		{D09EAB78-6E04-4988-ADCF-BEFFF72D0516}.Release|Any CPU.Build.0 = Release|Any CPU
		{EBDCA504-D4EC-4059-B72A-C6FD352CB757}.Debug|Any CPU.ActiveCfg = Debug|Any CPU
		{EBDCA504-D4EC-4059-B72A-C6FD352CB757}.Debug|Any CPU.Build.0 = Debug|Any CPU
		{EBDCA504-D4EC-4059-B72A-C6FD352CB757}.Release|Any CPU.ActiveCfg = Release|Any CPU
		{EBDCA504-D4EC-4059-B72A-C6FD352CB757}.Release|Any CPU.Build.0 = Release|Any CPU
		{69A6C181-94EC-4256-83CC-B4AEEF56A6F6}.Debug|Any CPU.ActiveCfg = Debug|Any CPU
		{69A6C181-94EC-4256-83CC-B4AEEF56A6F6}.Debug|Any CPU.Build.0 = Debug|Any CPU
		{69A6C181-94EC-4256-83CC-B4AEEF56A6F6}.Release|Any CPU.ActiveCfg = Release|Any CPU
		{69A6C181-94EC-4256-83CC-B4AEEF56A6F6}.Release|Any CPU.Build.0 = Release|Any CPU
		{25270187-E60F-457A-8CA5-9AB21D6A6EF8}.Debug|Any CPU.ActiveCfg = Debug|Any CPU
		{25270187-E60F-457A-8CA5-9AB21D6A6EF8}.Debug|Any CPU.Build.0 = Debug|Any CPU
		{25270187-E60F-457A-8CA5-9AB21D6A6EF8}.Release|Any CPU.ActiveCfg = Release|Any CPU
		{25270187-E60F-457A-8CA5-9AB21D6A6EF8}.Release|Any CPU.Build.0 = Release|Any CPU
		{5B2C5890-DEF2-4682-82B0-7AD8A987D845}.Debug|Any CPU.ActiveCfg = Debug|Any CPU
		{5B2C5890-DEF2-4682-82B0-7AD8A987D845}.Debug|Any CPU.Build.0 = Debug|Any CPU
		{5B2C5890-DEF2-4682-82B0-7AD8A987D845}.Release|Any CPU.ActiveCfg = Release|Any CPU
		{5B2C5890-DEF2-4682-82B0-7AD8A987D845}.Release|Any CPU.Build.0 = Release|Any CPU
	EndGlobalSection
	GlobalSection(SolutionProperties) = preSolution
		HideSolutionNode = FALSE
	EndGlobalSection
	GlobalSection(NestedProjects) = preSolution
		{D09EAB78-6E04-4988-ADCF-BEFFF72D0516} = {23B2BC4C-085F-417D-8B61-B2AA4949103F}
		{EBDCA504-D4EC-4059-B72A-C6FD352CB757} = {23B2BC4C-085F-417D-8B61-B2AA4949103F}
		{69A6C181-94EC-4256-83CC-B4AEEF56A6F6} = {74EBDE96-014F-40A0-A80C-67637469075B}
		{25270187-E60F-457A-8CA5-9AB21D6A6EF8} = {781AF2DF-87B6-4D02-AB38-F957D9777E85}
		{5B2C5890-DEF2-4682-82B0-7AD8A987D845} = {702064C0-634E-467E-BF3A-37FEEB3F0FA9}
	EndGlobalSection
	GlobalSection(ExtensibilityGlobals) = postSolution
		SolutionGuid = {F7427361-3CFA-4C2F-9D57-17C16F3CF79A}
	EndGlobalSection
EndGlobal
