
Microsoft Visual Studio Solution File, Format Version 12.00
# Visual Studio Version 16
VisualStudioVersion = 16.0.31105.61
MinimumVisualStudioVersion = 10.0.40219.1
Project("{FAE04EC0-301F-11D3-BF4B-00C04F79EFBC}") = "HotDiggetyDog2", "HotDiggetyDog2\HotDiggetyDog2.csproj", "{93E6E766-6C6E-4A32-B429-0CF9EF649309}"
EndProject
Global
	GlobalSection(SolutionConfigurationPlatforms) = preSolution
		Debug|Any CPU = Debug|Any CPU
		Release|Any CPU = Release|Any CPU
	EndGlobalSection
	GlobalSection(ProjectConfigurationPlatforms) = postSolution
		{93E6E766-6C6E-4A32-B429-0CF9EF649309}.Debug|Any CPU.ActiveCfg = Debug|Any CPU
		{93E6E766-6C6E-4A32-B429-0CF9EF649309}.Debug|Any CPU.Build.0 = Debug|Any CPU
		{93E6E766-6C6E-4A32-B429-0CF9EF649309}.Release|Any CPU.ActiveCfg = Release|Any CPU
		{93E6E766-6C6E-4A32-B429-0CF9EF649309}.Release|Any CPU.Build.0 = Release|Any CPU
	EndGlobalSection
	GlobalSection(SolutionProperties) = preSolution
		HideSolutionNode = FALSE
	EndGlobalSection
	GlobalSection(ExtensibilityGlobals) = postSolution
		SolutionGuid = {BEDE8DE8-14BD-4399-B3F5-D2CE6517AC1C}
	EndGlobalSection
EndGlobal
